
Microsoft Visual Studio Solution File, Format Version 12.00
# Visual Studio Version 17
VisualStudioVersion = 17.14.36908.2
MinimumVisualStudioVersion = 10.0.40219.1
Project("{FAE04EC0-301F-11D3-BF4B-00C04F79EFBC}") = "Entities-DTOs", "Entities-DTOs\Entities-DTOs.csproj", "{F2E4F11C-1DE6-4E4E-BC4F-94ED67381011}"
EndProject
Project("{2150E333-8FDC-42A3-9474-1A3956D46DE8}") = "0_Entities-DTOs", "0_Entities-DTOs", "{02EA681E-C7D8-13C7-8484-4AC65E1B71E8}"
EndProject
Project("{2150E333-8FDC-42A3-9474-1A3956D46DE8}") = "1_DataAccess", "1_DataAccess", "{423AF876-CD29-4F64-AE17-F4719CD13FC7}"
EndProject
Project("{2150E333-8FDC-42A3-9474-1A3956D46DE8}") = "Scripts database", "Scripts database", "{281643D5-AC02-4DAE-8C21-9A91F9741E6B}"
	ProjectSection(SolutionItems) = preProject
		retUserById.sql = retUserById.sql
		spCreateUser.sql = spCreateUser.sql
		spDelUser.sql = spDelUser.sql
		spRetAllUsers.sql = spRetAllUsers.sql
		sqUpdUser.sql = sqUpdUser.sql
		tblProduct.sql = tblProduct.sql
		tblUser.sql = tblUser.sql
	EndProjectSection
EndProject
Project("{FAE04EC0-301F-11D3-BF4B-00C04F79EFBC}") = "DataAccess", "DataAccess\DataAccess.csproj", "{A824CBAB-0CAD-40BA-B5DF-41CCB0697F39}"
EndProject
Project("{2150E333-8FDC-42A3-9474-1A3956D46DE8}") = "99_DevTester", "99_DevTester", "{D23654B8-D8D6-4A52-BAF5-CF7B911CC5C4}"
EndProject
Project("{FAE04EC0-301F-11D3-BF4B-00C04F79EFBC}") = "ConsoleApp-DevTesting", "ConsoleApp-DevTesting\ConsoleApp-DevTesting.csproj", "{F6384548-7362-4FF4-8B11-1EE1031DB5C1}"
EndProject
Project("{2150E333-8FDC-42A3-9474-1A3956D46DE8}") = "2_AppCore", "2_AppCore", "{AF086933-3966-4A9F-B584-FC81BAF0D1F7}"
EndProject
Project("{FAE04EC0-301F-11D3-BF4B-00C04F79EFBC}") = "AppCore", "AppCore\AppCore.csproj", "{3B5B8A38-ABF6-48DF-997A-806B499C3BFF}"
EndProject
Project("{2150E333-8FDC-42A3-9474-1A3956D46DE8}") = "3_WebAPI", "3_WebAPI", "{94D4AF12-9C1A-46F3-8C7C-F005A0E19419}"
EndProject
Project("{FAE04EC0-301F-11D3-BF4B-00C04F79EFBC}") = "WebAPI", "WebAPI\WebAPI.csproj", "{F35C0A41-CFA8-43BD-93E5-27789DC5A8D2}"
EndProject
Global
	GlobalSection(SolutionConfigurationPlatforms) = preSolution
		Debug|Any CPU = Debug|Any CPU
		Release|Any CPU = Release|Any CPU
	EndGlobalSection
	GlobalSection(ProjectConfigurationPlatforms) = postSolution
		{F2E4F11C-1DE6-4E4E-BC4F-94ED67381011}.Debug|Any CPU.ActiveCfg = Debug|Any CPU
		{F2E4F11C-1DE6-4E4E-BC4F-94ED67381011}.Debug|Any CPU.Build.0 = Debug|Any CPU
		{F2E4F11C-1DE6-4E4E-BC4F-94ED67381011}.Release|Any CPU.ActiveCfg = Release|Any CPU
		{F2E4F11C-1DE6-4E4E-BC4F-94ED67381011}.Release|Any CPU.Build.0 = Release|Any CPU
		{A824CBAB-0CAD-40BA-B5DF-41CCB0697F39}.Debug|Any CPU.ActiveCfg = Debug|Any CPU
		{A824CBAB-0CAD-40BA-B5DF-41CCB0697F39}.Debug|Any CPU.Build.0 = Debug|Any CPU
		{A824CBAB-0CAD-40BA-B5DF-41CCB0697F39}.Release|Any CPU.ActiveCfg = Release|Any CPU
		{A824CBAB-0CAD-40BA-B5DF-41CCB0697F39}.Release|Any CPU.Build.0 = Release|Any CPU
		{F6384548-7362-4FF4-8B11-1EE1031DB5C1}.Debug|Any CPU.ActiveCfg = Debug|Any CPU
		{F6384548-7362-4FF4-8B11-1EE1031DB5C1}.Debug|Any CPU.Build.0 = Debug|Any CPU
		{F6384548-7362-4FF4-8B11-1EE1031DB5C1}.Release|Any CPU.ActiveCfg = Release|Any CPU
		{F6384548-7362-4FF4-8B11-1EE1031DB5C1}.Release|Any CPU.Build.0 = Release|Any CPU
		{3B5B8A38-ABF6-48DF-997A-806B499C3BFF}.Debug|Any CPU.ActiveCfg = Debug|Any CPU
		{3B5B8A38-ABF6-48DF-997A-806B499C3BFF}.Debug|Any CPU.Build.0 = Debug|Any CPU
		{3B5B8A38-ABF6-48DF-997A-806B499C3BFF}.Release|Any CPU.ActiveCfg = Release|Any CPU
		{3B5B8A38-ABF6-48DF-997A-806B499C3BFF}.Release|Any CPU.Build.0 = Release|Any CPU
		{F35C0A41-CFA8-43BD-93E5-27789DC5A8D2}.Debug|Any CPU.ActiveCfg = Debug|Any CPU
		{F35C0A41-CFA8-43BD-93E5-27789DC5A8D2}.Debug|Any CPU.Build.0 = Debug|Any CPU
		{F35C0A41-CFA8-43BD-93E5-27789DC5A8D2}.Release|Any CPU.ActiveCfg = Release|Any CPU
		{F35C0A41-CFA8-43BD-93E5-27789DC5A8D2}.Release|Any CPU.Build.0 = Release|Any CPU
	EndGlobalSection
	GlobalSection(SolutionProperties) = preSolution
		HideSolutionNode = FALSE
	EndGlobalSection
	GlobalSection(NestedProjects) = preSolution
		{F2E4F11C-1DE6-4E4E-BC4F-94ED67381011} = {02EA681E-C7D8-13C7-8484-4AC65E1B71E8}
		{281643D5-AC02-4DAE-8C21-9A91F9741E6B} = {423AF876-CD29-4F64-AE17-F4719CD13FC7}
		{A824CBAB-0CAD-40BA-B5DF-41CCB0697F39} = {423AF876-CD29-4F64-AE17-F4719CD13FC7}
		{F6384548-7362-4FF4-8B11-1EE1031DB5C1} = {D23654B8-D8D6-4A52-BAF5-CF7B911CC5C4}
		{3B5B8A38-ABF6-48DF-997A-806B499C3BFF} = {AF086933-3966-4A9F-B584-FC81BAF0D1F7}
		{F35C0A41-CFA8-43BD-93E5-27789DC5A8D2} = {94D4AF12-9C1A-46F3-8C7C-F005A0E19419}
	EndGlobalSection
	GlobalSection(ExtensibilityGlobals) = postSolution
		SolutionGuid = {F9FBC45D-778A-428C-9E49-50B3935F34BA}
	EndGlobalSection
EndGlobal
